
Microsoft Visual Studio Solution File, Format Version 12.00
# Visual Studio 15
Project("{FAE04EC0-301F-11D3-BF4B-00C04F79EFBC}") = "Assembly-CSharp-firstpass", "Assembly-CSharp-firstpass.csproj", "{3DFB3AC6-DC5E-D406-246F-E98078D276B8}"
EndProject
Project("{FAE04EC0-301F-11D3-BF4B-00C04F79EFBC}") = "Assembly-CSharp", "Assembly-CSharp.csproj", "{65F2DE1C-320D-14BE-6A52-0E523B72B041}"
EndProject
Project("{FAE04EC0-301F-11D3-BF4B-00C04F79EFBC}") = "Assembly-CSharp-Editor-firstpass", "Assembly-CSharp-Editor-firstpass.csproj", "{63F5B141-E63E-239C-F6E9-D145F2764D42}"
EndProject
Global
	GlobalSection(SolutionConfigurationPlatforms) = preSolution
		Debug|Any CPU = Debug|Any CPU
		Release|Any CPU = Release|Any CPU
	EndGlobalSection
	GlobalSection(ProjectConfigurationPlatforms) = postSolution
		{3DFB3AC6-DC5E-D406-246F-E98078D276B8}.Debug|Any CPU.ActiveCfg = Debug|Any CPU
		{3DFB3AC6-DC5E-D406-246F-E98078D276B8}.Debug|Any CPU.Build.0 = Debug|Any CPU
		{3DFB3AC6-DC5E-D406-246F-E98078D276B8}.Release|Any CPU.ActiveCfg = Release|Any CPU
		{3DFB3AC6-DC5E-D406-246F-E98078D276B8}.Release|Any CPU.Build.0 = Release|Any CPU
		{65F2DE1C-320D-14BE-6A52-0E523B72B041}.Debug|Any CPU.ActiveCfg = Debug|Any CPU
		{65F2DE1C-320D-14BE-6A52-0E523B72B041}.Debug|Any CPU.Build.0 = Debug|Any CPU
		{65F2DE1C-320D-14BE-6A52-0E523B72B041}.Release|Any CPU.ActiveCfg = Release|Any CPU
		{65F2DE1C-320D-14BE-6A52-0E523B72B041}.Release|Any CPU.Build.0 = Release|Any CPU
		{63F5B141-E63E-239C-F6E9-D145F2764D42}.Debug|Any CPU.ActiveCfg = Debug|Any CPU
		{63F5B141-E63E-239C-F6E9-D145F2764D42}.Debug|Any CPU.Build.0 = Debug|Any CPU
		{63F5B141-E63E-239C-F6E9-D145F2764D42}.Release|Any CPU.ActiveCfg = Release|Any CPU
		{63F5B141-E63E-239C-F6E9-D145F2764D42}.Release|Any CPU.Build.0 = Release|Any CPU
	EndGlobalSection
	GlobalSection(SolutionProperties) = preSolution
		HideSolutionNode = FALSE
	EndGlobalSection
EndGlobal
